// !$*UTF8*$!
{
	archiveVersion = 1;
	classes = {
	};
	objectVersion = 56;
	objects = {

/* Begin PBXBuildFile section */
		6F09F48A2A36AF03007A7824 /* Buddy.swift in Sources */ = {isa = PBXBuildFile; fileRef = 6F09F4892A36AF02007A7824 /* Buddy.swift */; };
		6F09F48D2A36ED8F007A7824 /* NetworkReachability.swift in Sources */ = {isa = PBXBuildFile; fileRef = 6F09F48C2A36ED8F007A7824 /* NetworkReachability.swift */; };
		6F09F48F2A36F0FB007A7824 /* Config.swift in Sources */ = {isa = PBXBuildFile; fileRef = 6F09F48E2A36F0FB007A7824 /* Config.swift */; };
		6F09F4912A36F821007A7824 /* CallManager.swift in Sources */ = {isa = PBXBuildFile; fileRef = 6F09F4902A36F821007A7824 /* CallManager.swift */; };
		6F09F4932A370022007A7824 /* MessageModel.swift in Sources */ = {isa = PBXBuildFile; fileRef = 6F09F4922A370022007A7824 /* MessageModel.swift */; };
		6F0B9E782A2DC89E00E8B9B4 /* PJManager.mm in Sources */ = {isa = PBXBuildFile; fileRef = 6F0B9E772A2DC89E00E8B9B4 /* PJManager.mm */; };
		6F0B9E7E2A2DD68F00E8B9B4 /* UserAgent.cpp in Sources */ = {isa = PBXBuildFile; fileRef = 6F0B9E7C2A2DD68F00E8B9B4 /* UserAgent.cpp */; };
		6F0B9E832A31C3F400E8B9B4 /* OutgoingViewController.swift in Sources */ = {isa = PBXBuildFile; fileRef = 6F0B9E822A31C3F400E8B9B4 /* OutgoingViewController.swift */; };
		6F0B9E852A31C44300E8B9B4 /* IncomingViewController.swift in Sources */ = {isa = PBXBuildFile; fileRef = 6F0B9E842A31C44300E8B9B4 /* IncomingViewController.swift */; };
		6F0B9E882A32B50400E8B9B4 /* RegistrationObserver.swift in Sources */ = {isa = PBXBuildFile; fileRef = 6F0B9E872A32B50400E8B9B4 /* RegistrationObserver.swift */; };
		6F0B9E8B2A32B57C00E8B9B4 /* RegistrationModel.swift in Sources */ = {isa = PBXBuildFile; fileRef = 6F0B9E8A2A32B57C00E8B9B4 /* RegistrationModel.swift */; };
		6F0B9E8D2A32B5F200E8B9B4 /* CallModel.swift in Sources */ = {isa = PBXBuildFile; fileRef = 6F0B9E8C2A32B5F200E8B9B4 /* CallModel.swift */; };
		6F0B9E8F2A32BC0D00E8B9B4 /* CallObserver.swift in Sources */ = {isa = PBXBuildFile; fileRef = 6F0B9E8E2A32BC0D00E8B9B4 /* CallObserver.swift */; };
		6F0B9E912A32BC8C00E8B9B4 /* Publisher.swift in Sources */ = {isa = PBXBuildFile; fileRef = 6F0B9E902A32BC8C00E8B9B4 /* Publisher.swift */; };
		6F0B9E932A32BD8300E8B9B4 /* PublisherImpl.swift in Sources */ = {isa = PBXBuildFile; fileRef = 6F0B9E922A32BD8300E8B9B4 /* PublisherImpl.swift */; };
		6F6F155B2A257CC700DB8376 /* AppDelegate.swift in Sources */ = {isa = PBXBuildFile; fileRef = 6F6F155A2A257CC700DB8376 /* AppDelegate.swift */; };
		6F6F155D2A257CC700DB8376 /* SceneDelegate.swift in Sources */ = {isa = PBXBuildFile; fileRef = 6F6F155C2A257CC700DB8376 /* SceneDelegate.swift */; };
		6F6F155F2A257CC700DB8376 /* ViewController.swift in Sources */ = {isa = PBXBuildFile; fileRef = 6F6F155E2A257CC700DB8376 /* ViewController.swift */; };
		6F6F15622A257CC700DB8376 /* Main.storyboard in Resources */ = {isa = PBXBuildFile; fileRef = 6F6F15602A257CC700DB8376 /* Main.storyboard */; };
		6F6F15642A257CC900DB8376 /* Assets.xcassets in Resources */ = {isa = PBXBuildFile; fileRef = 6F6F15632A257CC900DB8376 /* Assets.xcassets */; };
		6F6F15672A257CC900DB8376 /* LaunchScreen.storyboard in Resources */ = {isa = PBXBuildFile; fileRef = 6F6F15652A257CC900DB8376 /* LaunchScreen.storyboard */; };
		6F6F156F2A25DEC100DB8376 /* AudioToolbox.framework in Frameworks */ = {isa = PBXBuildFile; fileRef = 6F6F156E2A25DEC100DB8376 /* AudioToolbox.framework */; };
		6F6F15712A25DECD00DB8376 /* AVFoundation.framework in Frameworks */ = {isa = PBXBuildFile; fileRef = 6F6F15702A25DECC00DB8376 /* AVFoundation.framework */; };
		6F6F15732A25DED800DB8376 /* Foundation.framework in Frameworks */ = {isa = PBXBuildFile; fileRef = 6F6F15722A25DED800DB8376 /* Foundation.framework */; };
		6F6F15A72A25E69500DB8376 /* wrapper.mm in Sources */ = {isa = PBXBuildFile; fileRef = 6F6F15A62A25E69500DB8376 /* wrapper.mm */; };
		6F6F15AA2A25E71200DB8376 /* CustomPJSUA2.cpp in Sources */ = {isa = PBXBuildFile; fileRef = 6F6F15A92A25E71200DB8376 /* CustomPJSUA2.cpp */; };
		6F6F16082A26CB8300DB8376 /* Register.swift in Sources */ = {isa = PBXBuildFile; fileRef = 6F6F16072A26CB8300DB8376 /* Register.swift */; };
		6F6F160A2A26CFA500DB8376 /* Call.swift in Sources */ = {isa = PBXBuildFile; fileRef = 6F6F16092A26CFA500DB8376 /* Call.swift */; };
		6F6F16222A29AB0400DB8376 /* libcrypto.a in Frameworks */ = {isa = PBXBuildFile; fileRef = 6F6F160C2A29AAF700DB8376 /* libcrypto.a */; };
		6F6F16232A29AB0400DB8376 /* libg7221codec.a in Frameworks */ = {isa = PBXBuildFile; fileRef = 6F6F160F2A29AAF800DB8376 /* libg7221codec.a */; };
		6F6F16242A29AB0400DB8376 /* libgsmcodec.a in Frameworks */ = {isa = PBXBuildFile; fileRef = 6F6F16182A29AAFA00DB8376 /* libgsmcodec.a */; };
		6F6F16252A29AB0400DB8376 /* libilbccodec.a in Frameworks */ = {isa = PBXBuildFile; fileRef = 6F6F16122A29AAF900DB8376 /* libilbccodec.a */; };
		6F6F16262A29AB0500DB8376 /* libpj.a in Frameworks */ = {isa = PBXBuildFile; fileRef = 6F6F160E2A29AAF700DB8376 /* libpj.a */; };
		6F6F16272A29AB0500DB8376 /* libpjlib-util.a in Frameworks */ = {isa = PBXBuildFile; fileRef = 6F6F161D2A29AAFC00DB8376 /* libpjlib-util.a */; };
		6F6F16282A29AB0500DB8376 /* libpjmedia-audiodev.a in Frameworks */ = {isa = PBXBuildFile; fileRef = 6F6F161C2A29AAFC00DB8376 /* libpjmedia-audiodev.a */; };
		6F6F16292A29AB0600DB8376 /* libpjmedia-codec.a in Frameworks */ = {isa = PBXBuildFile; fileRef = 6F6F160B2A29AAF600DB8376 /* libpjmedia-codec.a */; };
		6F6F162A2A29AB0600DB8376 /* libpjmedia-videodev.a in Frameworks */ = {isa = PBXBuildFile; fileRef = 6F6F16132A29AAF900DB8376 /* libpjmedia-videodev.a */; };
		6F6F162B2A29AB0600DB8376 /* libpjmedia.a in Frameworks */ = {isa = PBXBuildFile; fileRef = 6F6F16152A29AAF900DB8376 /* libpjmedia.a */; };
		6F6F162C2A29AB0700DB8376 /* libpjnath.a in Frameworks */ = {isa = PBXBuildFile; fileRef = 6F6F161E2A29AAFC00DB8376 /* libpjnath.a */; };
		6F6F162D2A29AB0700DB8376 /* libpjsdp.a in Frameworks */ = {isa = PBXBuildFile; fileRef = 6F6F161B2A29AAFB00DB8376 /* libpjsdp.a */; };
		6F6F162E2A29AB0800DB8376 /* libpjsip-simple.a in Frameworks */ = {isa = PBXBuildFile; fileRef = 6F6F16192A29AAFB00DB8376 /* libpjsip-simple.a */; };
		6F6F162F2A29AB0800DB8376 /* libpjsip-ua.a in Frameworks */ = {isa = PBXBuildFile; fileRef = 6F6F161A2A29AAFB00DB8376 /* libpjsip-ua.a */; };
		6F6F16302A29AB0900DB8376 /* libpjsip.a in Frameworks */ = {isa = PBXBuildFile; fileRef = 6F6F16102A29AAF800DB8376 /* libpjsip.a */; };
		6F6F16312A29AB0A00DB8376 /* libpjsua.a in Frameworks */ = {isa = PBXBuildFile; fileRef = 6F6F16172A29AAFA00DB8376 /* libpjsua.a */; };
		6F6F16322A29AB0A00DB8376 /* libpjsua2.a in Frameworks */ = {isa = PBXBuildFile; fileRef = 6F6F161F2A29AAFD00DB8376 /* libpjsua2.a */; };
		6F6F16332A29AB0B00DB8376 /* libresample.a in Frameworks */ = {isa = PBXBuildFile; fileRef = 6F6F16202A29AAFD00DB8376 /* libresample.a */; };
		6F6F16342A29AB0B00DB8376 /* libspeex.a in Frameworks */ = {isa = PBXBuildFile; fileRef = 6F6F16142A29AAF900DB8376 /* libspeex.a */; };
		6F6F16352A29AB0C00DB8376 /* libsrtp.a in Frameworks */ = {isa = PBXBuildFile; fileRef = 6F6F16162A29AAFA00DB8376 /* libsrtp.a */; };
		6F6F16362A29AB0D00DB8376 /* libssl.a in Frameworks */ = {isa = PBXBuildFile; fileRef = 6F6F16212A29AAFD00DB8376 /* libssl.a */; };
		6F6F16372A29AB0E00DB8376 /* libwebrtc.a in Frameworks */ = {isa = PBXBuildFile; fileRef = 6F6F16112A29AAF800DB8376 /* libwebrtc.a */; };
		6F6F16382A29AB0E00DB8376 /* libyuv.a in Frameworks */ = {isa = PBXBuildFile; fileRef = 6F6F160D2A29AAF700DB8376 /* libyuv.a */; };
		D99D4FDEECB83DAED7B9BCB7 /* Pods_IosPJ.framework in Frameworks */ = {isa = PBXBuildFile; fileRef = 32F0A17C16C3C31D113C8AFE /* Pods_IosPJ.framework */; };
/* End PBXBuildFile section */

/* Begin PBXFileReference section */
		32F0A17C16C3C31D113C8AFE /* Pods_IosPJ.framework */ = {isa = PBXFileReference; explicitFileType = wrapper.framework; includeInIndex = 0; path = Pods_IosPJ.framework; sourceTree = BUILT_PRODUCTS_DIR; };
		6F09F4892A36AF02007A7824 /* Buddy.swift */ = {isa = PBXFileReference; lastKnownFileType = sourcecode.swift; path = Buddy.swift; sourceTree = "<group>"; };
		6F09F48C2A36ED8F007A7824 /* NetworkReachability.swift */ = {isa = PBXFileReference; lastKnownFileType = sourcecode.swift; path = NetworkReachability.swift; sourceTree = "<group>"; };
		6F09F48E2A36F0FB007A7824 /* Config.swift */ = {isa = PBXFileReference; lastKnownFileType = sourcecode.swift; path = Config.swift; sourceTree = "<group>"; };
		6F09F4902A36F821007A7824 /* CallManager.swift */ = {isa = PBXFileReference; lastKnownFileType = sourcecode.swift; path = CallManager.swift; sourceTree = "<group>"; };
		6F09F4922A370022007A7824 /* MessageModel.swift */ = {isa = PBXFileReference; lastKnownFileType = sourcecode.swift; path = MessageModel.swift; sourceTree = "<group>"; };
		6F0B9E6C2A2DA43D00E8B9B4 /* PJManager.h */ = {isa = PBXFileReference; lastKnownFileType = sourcecode.c.h; path = PJManager.h; sourceTree = "<group>"; };
		6F0B9E772A2DC89E00E8B9B4 /* PJManager.mm */ = {isa = PBXFileReference; fileEncoding = 4; lastKnownFileType = sourcecode.cpp.objcpp; path = PJManager.mm; sourceTree = "<group>"; };
		6F0B9E7C2A2DD68F00E8B9B4 /* UserAgent.cpp */ = {isa = PBXFileReference; lastKnownFileType = sourcecode.cpp.cpp; path = UserAgent.cpp; sourceTree = "<group>"; };
		6F0B9E7D2A2DD68F00E8B9B4 /* UserAgent.hpp */ = {isa = PBXFileReference; lastKnownFileType = sourcecode.cpp.h; path = UserAgent.hpp; sourceTree = "<group>"; };
		6F0B9E822A31C3F400E8B9B4 /* OutgoingViewController.swift */ = {isa = PBXFileReference; lastKnownFileType = sourcecode.swift; path = OutgoingViewController.swift; sourceTree = "<group>"; };
		6F0B9E842A31C44300E8B9B4 /* IncomingViewController.swift */ = {isa = PBXFileReference; lastKnownFileType = sourcecode.swift; path = IncomingViewController.swift; sourceTree = "<group>"; };
		6F0B9E872A32B50400E8B9B4 /* RegistrationObserver.swift */ = {isa = PBXFileReference; lastKnownFileType = sourcecode.swift; path = RegistrationObserver.swift; sourceTree = "<group>"; };
		6F0B9E8A2A32B57C00E8B9B4 /* RegistrationModel.swift */ = {isa = PBXFileReference; lastKnownFileType = sourcecode.swift; path = RegistrationModel.swift; sourceTree = "<group>"; };
		6F0B9E8C2A32B5F200E8B9B4 /* CallModel.swift */ = {isa = PBXFileReference; lastKnownFileType = sourcecode.swift; path = CallModel.swift; sourceTree = "<group>"; };
		6F0B9E8E2A32BC0D00E8B9B4 /* CallObserver.swift */ = {isa = PBXFileReference; lastKnownFileType = sourcecode.swift; path = CallObserver.swift; sourceTree = "<group>"; };
		6F0B9E902A32BC8C00E8B9B4 /* Publisher.swift */ = {isa = PBXFileReference; lastKnownFileType = sourcecode.swift; path = Publisher.swift; sourceTree = "<group>"; };
		6F0B9E922A32BD8300E8B9B4 /* PublisherImpl.swift */ = {isa = PBXFileReference; lastKnownFileType = sourcecode.swift; path = PublisherImpl.swift; sourceTree = "<group>"; };
		6F6F15572A257CC700DB8376 /* IosPJ.app */ = {isa = PBXFileReference; explicitFileType = wrapper.application; includeInIndex = 0; path = IosPJ.app; sourceTree = BUILT_PRODUCTS_DIR; };
		6F6F155A2A257CC700DB8376 /* AppDelegate.swift */ = {isa = PBXFileReference; lastKnownFileType = sourcecode.swift; path = AppDelegate.swift; sourceTree = "<group>"; };
		6F6F155C2A257CC700DB8376 /* SceneDelegate.swift */ = {isa = PBXFileReference; lastKnownFileType = sourcecode.swift; path = SceneDelegate.swift; sourceTree = "<group>"; };
		6F6F155E2A257CC700DB8376 /* ViewController.swift */ = {isa = PBXFileReference; lastKnownFileType = sourcecode.swift; path = ViewController.swift; sourceTree = "<group>"; };
		6F6F15612A257CC700DB8376 /* Base */ = {isa = PBXFileReference; lastKnownFileType = file.storyboard; name = Base; path = Base.lproj/Main.storyboard; sourceTree = "<group>"; };
		6F6F15632A257CC900DB8376 /* Assets.xcassets */ = {isa = PBXFileReference; lastKnownFileType = folder.assetcatalog; path = Assets.xcassets; sourceTree = "<group>"; };
		6F6F15662A257CC900DB8376 /* Base */ = {isa = PBXFileReference; lastKnownFileType = file.storyboard; name = Base; path = Base.lproj/LaunchScreen.storyboard; sourceTree = "<group>"; };
		6F6F15682A257CC900DB8376 /* Info.plist */ = {isa = PBXFileReference; lastKnownFileType = text.plist.xml; path = Info.plist; sourceTree = "<group>"; };
		6F6F156E2A25DEC100DB8376 /* AudioToolbox.framework */ = {isa = PBXFileReference; lastKnownFileType = wrapper.framework; name = AudioToolbox.framework; path = System/Library/Frameworks/AudioToolbox.framework; sourceTree = SDKROOT; };
		6F6F15702A25DECC00DB8376 /* AVFoundation.framework */ = {isa = PBXFileReference; lastKnownFileType = wrapper.framework; name = AVFoundation.framework; path = System/Library/Frameworks/AVFoundation.framework; sourceTree = SDKROOT; };
		6F6F15722A25DED800DB8376 /* Foundation.framework */ = {isa = PBXFileReference; lastKnownFileType = wrapper.framework; name = Foundation.framework; path = System/Library/Frameworks/Foundation.framework; sourceTree = SDKROOT; };
		6F6F15A42A25E68800DB8376 /* wrapper.h */ = {isa = PBXFileReference; lastKnownFileType = sourcecode.c.h; path = wrapper.h; sourceTree = "<group>"; };
		6F6F15A52A25E69400DB8376 /* IosPJ-Bridging-Header.h */ = {isa = PBXFileReference; lastKnownFileType = sourcecode.c.h; path = "IosPJ-Bridging-Header.h"; sourceTree = "<group>"; };
		6F6F15A62A25E69500DB8376 /* wrapper.mm */ = {isa = PBXFileReference; fileEncoding = 4; lastKnownFileType = sourcecode.cpp.objcpp; path = wrapper.mm; sourceTree = "<group>"; };
		6F6F15A82A25E71200DB8376 /* CustomPJSUA2.hpp */ = {isa = PBXFileReference; fileEncoding = 4; lastKnownFileType = sourcecode.cpp.h; path = CustomPJSUA2.hpp; sourceTree = "<group>"; };
		6F6F15A92A25E71200DB8376 /* CustomPJSUA2.cpp */ = {isa = PBXFileReference; fileEncoding = 4; lastKnownFileType = sourcecode.cpp.cpp; path = CustomPJSUA2.cpp; sourceTree = "<group>"; };
		6F6F16072A26CB8300DB8376 /* Register.swift */ = {isa = PBXFileReference; lastKnownFileType = sourcecode.swift; path = Register.swift; sourceTree = "<group>"; };
		6F6F16092A26CFA500DB8376 /* Call.swift */ = {isa = PBXFileReference; lastKnownFileType = sourcecode.swift; path = Call.swift; sourceTree = "<group>"; };
		6F6F160B2A29AAF600DB8376 /* libpjmedia-codec.a */ = {isa = PBXFileReference; lastKnownFileType = archive.ar; name = "libpjmedia-codec.a"; path = "Libraries/libpjmedia-codec.a"; sourceTree = "<group>"; };
		6F6F160C2A29AAF700DB8376 /* libcrypto.a */ = {isa = PBXFileReference; lastKnownFileType = archive.ar; name = libcrypto.a; path = Libraries/libcrypto.a; sourceTree = "<group>"; };
		6F6F160D2A29AAF700DB8376 /* libyuv.a */ = {isa = PBXFileReference; lastKnownFileType = archive.ar; name = libyuv.a; path = Libraries/libyuv.a; sourceTree = "<group>"; };
		6F6F160E2A29AAF700DB8376 /* libpj.a */ = {isa = PBXFileReference; lastKnownFileType = archive.ar; name = libpj.a; path = Libraries/libpj.a; sourceTree = "<group>"; };
		6F6F160F2A29AAF800DB8376 /* libg7221codec.a */ = {isa = PBXFileReference; lastKnownFileType = archive.ar; name = libg7221codec.a; path = Libraries/libg7221codec.a; sourceTree = "<group>"; };
		6F6F16102A29AAF800DB8376 /* libpjsip.a */ = {isa = PBXFileReference; lastKnownFileType = archive.ar; name = libpjsip.a; path = Libraries/libpjsip.a; sourceTree = "<group>"; };
		6F6F16112A29AAF800DB8376 /* libwebrtc.a */ = {isa = PBXFileReference; lastKnownFileType = archive.ar; name = libwebrtc.a; path = Libraries/libwebrtc.a; sourceTree = "<group>"; };
		6F6F16122A29AAF900DB8376 /* libilbccodec.a */ = {isa = PBXFileReference; lastKnownFileType = archive.ar; name = libilbccodec.a; path = Libraries/libilbccodec.a; sourceTree = "<group>"; };
		6F6F16132A29AAF900DB8376 /* libpjmedia-videodev.a */ = {isa = PBXFileReference; lastKnownFileType = archive.ar; name = "libpjmedia-videodev.a"; path = "Libraries/libpjmedia-videodev.a"; sourceTree = "<group>"; };
		6F6F16142A29AAF900DB8376 /* libspeex.a */ = {isa = PBXFileReference; lastKnownFileType = archive.ar; name = libspeex.a; path = Libraries/libspeex.a; sourceTree = "<group>"; };
		6F6F16152A29AAF900DB8376 /* libpjmedia.a */ = {isa = PBXFileReference; lastKnownFileType = archive.ar; name = libpjmedia.a; path = Libraries/libpjmedia.a; sourceTree = "<group>"; };
		6F6F16162A29AAFA00DB8376 /* libsrtp.a */ = {isa = PBXFileReference; lastKnownFileType = archive.ar; name = libsrtp.a; path = Libraries/libsrtp.a; sourceTree = "<group>"; };
		6F6F16172A29AAFA00DB8376 /* libpjsua.a */ = {isa = PBXFileReference; lastKnownFileType = archive.ar; name = libpjsua.a; path = Libraries/libpjsua.a; sourceTree = "<group>"; };
		6F6F16182A29AAFA00DB8376 /* libgsmcodec.a */ = {isa = PBXFileReference; lastKnownFileType = archive.ar; name = libgsmcodec.a; path = Libraries/libgsmcodec.a; sourceTree = "<group>"; };
		6F6F16192A29AAFB00DB8376 /* libpjsip-simple.a */ = {isa = PBXFileReference; lastKnownFileType = archive.ar; name = "libpjsip-simple.a"; path = "Libraries/libpjsip-simple.a"; sourceTree = "<group>"; };
		6F6F161A2A29AAFB00DB8376 /* libpjsip-ua.a */ = {isa = PBXFileReference; lastKnownFileType = archive.ar; name = "libpjsip-ua.a"; path = "Libraries/libpjsip-ua.a"; sourceTree = "<group>"; };
		6F6F161B2A29AAFB00DB8376 /* libpjsdp.a */ = {isa = PBXFileReference; lastKnownFileType = archive.ar; name = libpjsdp.a; path = Libraries/libpjsdp.a; sourceTree = "<group>"; };
		6F6F161C2A29AAFC00DB8376 /* libpjmedia-audiodev.a */ = {isa = PBXFileReference; lastKnownFileType = archive.ar; name = "libpjmedia-audiodev.a"; path = "Libraries/libpjmedia-audiodev.a"; sourceTree = "<group>"; };
		6F6F161D2A29AAFC00DB8376 /* libpjlib-util.a */ = {isa = PBXFileReference; lastKnownFileType = archive.ar; name = "libpjlib-util.a"; path = "Libraries/libpjlib-util.a"; sourceTree = "<group>"; };
		6F6F161E2A29AAFC00DB8376 /* libpjnath.a */ = {isa = PBXFileReference; lastKnownFileType = archive.ar; name = libpjnath.a; path = Libraries/libpjnath.a; sourceTree = "<group>"; };
		6F6F161F2A29AAFD00DB8376 /* libpjsua2.a */ = {isa = PBXFileReference; lastKnownFileType = archive.ar; name = libpjsua2.a; path = Libraries/libpjsua2.a; sourceTree = "<group>"; };
		6F6F16202A29AAFD00DB8376 /* libresample.a */ = {isa = PBXFileReference; lastKnownFileType = archive.ar; name = libresample.a; path = Libraries/libresample.a; sourceTree = "<group>"; };
		6F6F16212A29AAFD00DB8376 /* libssl.a */ = {isa = PBXFileReference; lastKnownFileType = archive.ar; name = libssl.a; path = Libraries/libssl.a; sourceTree = "<group>"; };
		74EF4F7EB8EF398514421CDB /* Pods-IosPJ.release.xcconfig */ = {isa = PBXFileReference; includeInIndex = 1; lastKnownFileType = text.xcconfig; name = "Pods-IosPJ.release.xcconfig"; path = "Target Support Files/Pods-IosPJ/Pods-IosPJ.release.xcconfig"; sourceTree = "<group>"; };
		F3AA54520CB26FB445110D63 /* Pods-IosPJ.debug.xcconfig */ = {isa = PBXFileReference; includeInIndex = 1; lastKnownFileType = text.xcconfig; name = "Pods-IosPJ.debug.xcconfig"; path = "Target Support Files/Pods-IosPJ/Pods-IosPJ.debug.xcconfig"; sourceTree = "<group>"; };
/* End PBXFileReference section */

/* Begin PBXFrameworksBuildPhase section */
		6F6F15542A257CC700DB8376 /* Frameworks */ = {
			isa = PBXFrameworksBuildPhase;
			buildActionMask = 2147483647;
			files = (
				6F6F16382A29AB0E00DB8376 /* libyuv.a in Frameworks */,
				6F6F16282A29AB0500DB8376 /* libpjmedia-audiodev.a in Frameworks */,
				6F6F162D2A29AB0700DB8376 /* libpjsdp.a in Frameworks */,
				D99D4FDEECB83DAED7B9BCB7 /* Pods_IosPJ.framework in Frameworks */,
				6F6F162A2A29AB0600DB8376 /* libpjmedia-videodev.a in Frameworks */,
				6F6F16342A29AB0B00DB8376 /* libspeex.a in Frameworks */,
				6F6F16222A29AB0400DB8376 /* libcrypto.a in Frameworks */,
				6F6F16232A29AB0400DB8376 /* libg7221codec.a in Frameworks */,
				6F6F156F2A25DEC100DB8376 /* AudioToolbox.framework in Frameworks */,
				6F6F16352A29AB0C00DB8376 /* libsrtp.a in Frameworks */,
				6F6F16322A29AB0A00DB8376 /* libpjsua2.a in Frameworks */,
				6F6F16372A29AB0E00DB8376 /* libwebrtc.a in Frameworks */,
				6F6F16362A29AB0D00DB8376 /* libssl.a in Frameworks */,
				6F6F162B2A29AB0600DB8376 /* libpjmedia.a in Frameworks */,
				6F6F162C2A29AB0700DB8376 /* libpjnath.a in Frameworks */,
				6F6F16252A29AB0400DB8376 /* libilbccodec.a in Frameworks */,
				6F6F15712A25DECD00DB8376 /* AVFoundation.framework in Frameworks */,
				6F6F16332A29AB0B00DB8376 /* libresample.a in Frameworks */,
				6F6F16312A29AB0A00DB8376 /* libpjsua.a in Frameworks */,
				6F6F16262A29AB0500DB8376 /* libpj.a in Frameworks */,
				6F6F16242A29AB0400DB8376 /* libgsmcodec.a in Frameworks */,
				6F6F16292A29AB0600DB8376 /* libpjmedia-codec.a in Frameworks */,
				6F6F162E2A29AB0800DB8376 /* libpjsip-simple.a in Frameworks */,
				6F6F15732A25DED800DB8376 /* Foundation.framework in Frameworks */,
				6F6F16302A29AB0900DB8376 /* libpjsip.a in Frameworks */,
				6F6F162F2A29AB0800DB8376 /* libpjsip-ua.a in Frameworks */,
				6F6F16272A29AB0500DB8376 /* libpjlib-util.a in Frameworks */,
			);
			runOnlyForDeploymentPostprocessing = 0;
		};
/* End PBXFrameworksBuildPhase section */

/* Begin PBXGroup section */
		6F09F48B2A36ED77007A7824 /* Util */ = {
			isa = PBXGroup;
			children = (
				6F09F48C2A36ED8F007A7824 /* NetworkReachability.swift */,
				6F09F48E2A36F0FB007A7824 /* Config.swift */,
			);
			path = Util;
			sourceTree = "<group>";
		};
		6F0B9E862A32AB6900E8B9B4 /* Observer */ = {
			isa = PBXGroup;
			children = (
				6F0B9E872A32B50400E8B9B4 /* RegistrationObserver.swift */,
				6F0B9E8E2A32BC0D00E8B9B4 /* CallObserver.swift */,
				6F0B9E902A32BC8C00E8B9B4 /* Publisher.swift */,
				6F0B9E922A32BD8300E8B9B4 /* PublisherImpl.swift */,
			);
			path = Observer;
			sourceTree = "<group>";
		};
		6F0B9E892A32B56400E8B9B4 /* Model */ = {
			isa = PBXGroup;
			children = (
				6F0B9E8A2A32B57C00E8B9B4 /* RegistrationModel.swift */,
				6F0B9E8C2A32B5F200E8B9B4 /* CallModel.swift */,
				6F09F4922A370022007A7824 /* MessageModel.swift */,
			);
			path = Model;
			sourceTree = "<group>";
		};
		6F6F154E2A257CC700DB8376 = {
			isa = PBXGroup;
			children = (
				6F6F15592A257CC700DB8376 /* IosPJ */,
				6F6F15582A257CC700DB8376 /* Products */,
				C75291A182BB88ECF363EB96 /* Pods */,
				972B3696FDC6C2CF583FAA39 /* Frameworks */,
			);
			sourceTree = "<group>";
		};
		6F6F15582A257CC700DB8376 /* Products */ = {
			isa = PBXGroup;
			children = (
				6F6F15572A257CC700DB8376 /* IosPJ.app */,
			);
			name = Products;
			sourceTree = "<group>";
		};
		6F6F15592A257CC700DB8376 /* IosPJ */ = {
			isa = PBXGroup;
			children = (
				6F09F48B2A36ED77007A7824 /* Util */,
				6F0B9E892A32B56400E8B9B4 /* Model */,
				6F0B9E862A32AB6900E8B9B4 /* Observer */,
				6F6F15A22A25E56900DB8376 /* PJ */,
				6F6F155A2A257CC700DB8376 /* AppDelegate.swift */,
				6F6F155C2A257CC700DB8376 /* SceneDelegate.swift */,
				6F6F155E2A257CC700DB8376 /* ViewController.swift */,
				6F0B9E822A31C3F400E8B9B4 /* OutgoingViewController.swift */,
				6F0B9E842A31C44300E8B9B4 /* IncomingViewController.swift */,
				6F6F15602A257CC700DB8376 /* Main.storyboard */,
				6F6F15632A257CC900DB8376 /* Assets.xcassets */,
				6F6F15652A257CC900DB8376 /* LaunchScreen.storyboard */,
				6F6F15682A257CC900DB8376 /* Info.plist */,
			);
			path = IosPJ;
			sourceTree = "<group>";
		};
		6F6F15A22A25E56900DB8376 /* PJ */ = {
			isa = PBXGroup;
			children = (
				6F6F15A92A25E71200DB8376 /* CustomPJSUA2.cpp */,
				6F6F15A82A25E71200DB8376 /* CustomPJSUA2.hpp */,
				6F6F15A62A25E69500DB8376 /* wrapper.mm */,
				6F6F15A42A25E68800DB8376 /* wrapper.h */,
				6F6F15A52A25E69400DB8376 /* IosPJ-Bridging-Header.h */,
				6F09F4892A36AF02007A7824 /* Buddy.swift */,
				6F6F16092A26CFA500DB8376 /* Call.swift */,
				6F6F16072A26CB8300DB8376 /* Register.swift */,
				6F0B9E6C2A2DA43D00E8B9B4 /* PJManager.h */,
				6F0B9E7D2A2DD68F00E8B9B4 /* UserAgent.hpp */,
				6F0B9E772A2DC89E00E8B9B4 /* PJManager.mm */,
				6F0B9E7C2A2DD68F00E8B9B4 /* UserAgent.cpp */,
				6F09F4902A36F821007A7824 /* CallManager.swift */,
			);
			path = PJ;
			sourceTree = "<group>";
		};
		972B3696FDC6C2CF583FAA39 /* Frameworks */ = {
			isa = PBXGroup;
			children = (
				6F6F160C2A29AAF700DB8376 /* libcrypto.a */,
				6F6F160F2A29AAF800DB8376 /* libg7221codec.a */,
				6F6F16182A29AAFA00DB8376 /* libgsmcodec.a */,
				6F6F16122A29AAF900DB8376 /* libilbccodec.a */,
				6F6F160E2A29AAF700DB8376 /* libpj.a */,
				6F6F161D2A29AAFC00DB8376 /* libpjlib-util.a */,
				6F6F161C2A29AAFC00DB8376 /* libpjmedia-audiodev.a */,
				6F6F160B2A29AAF600DB8376 /* libpjmedia-codec.a */,
				6F6F16132A29AAF900DB8376 /* libpjmedia-videodev.a */,
				6F6F16152A29AAF900DB8376 /* libpjmedia.a */,
				6F6F161E2A29AAFC00DB8376 /* libpjnath.a */,
				6F6F161B2A29AAFB00DB8376 /* libpjsdp.a */,
				6F6F16192A29AAFB00DB8376 /* libpjsip-simple.a */,
				6F6F161A2A29AAFB00DB8376 /* libpjsip-ua.a */,
				6F6F16102A29AAF800DB8376 /* libpjsip.a */,
				6F6F16172A29AAFA00DB8376 /* libpjsua.a */,
				6F6F161F2A29AAFD00DB8376 /* libpjsua2.a */,
				6F6F16202A29AAFD00DB8376 /* libresample.a */,
				6F6F16142A29AAF900DB8376 /* libspeex.a */,
				6F6F16162A29AAFA00DB8376 /* libsrtp.a */,
				6F6F16212A29AAFD00DB8376 /* libssl.a */,
				6F6F16112A29AAF800DB8376 /* libwebrtc.a */,
				6F6F160D2A29AAF700DB8376 /* libyuv.a */,
				6F6F15722A25DED800DB8376 /* Foundation.framework */,
				6F6F15702A25DECC00DB8376 /* AVFoundation.framework */,
				6F6F156E2A25DEC100DB8376 /* AudioToolbox.framework */,
				32F0A17C16C3C31D113C8AFE /* Pods_IosPJ.framework */,
			);
			name = Frameworks;
			sourceTree = "<group>";
		};
		C75291A182BB88ECF363EB96 /* Pods */ = {
			isa = PBXGroup;
			children = (
				F3AA54520CB26FB445110D63 /* Pods-IosPJ.debug.xcconfig */,
				74EF4F7EB8EF398514421CDB /* Pods-IosPJ.release.xcconfig */,
			);
			path = Pods;
			sourceTree = "<group>";
		};
/* End PBXGroup section */

/* Begin PBXNativeTarget section */
		6F6F15562A257CC700DB8376 /* IosPJ */ = {
			isa = PBXNativeTarget;
			buildConfigurationList = 6F6F156B2A257CC900DB8376 /* Build configuration list for PBXNativeTarget "IosPJ" */;
			buildPhases = (
				6E0BEB47F876E2FCAFCC7313 /* [CP] Check Pods Manifest.lock */,
				6F6F15532A257CC700DB8376 /* Sources */,
				6F6F15542A257CC700DB8376 /* Frameworks */,
				6F6F15552A257CC700DB8376 /* Resources */,
			);
			buildRules = (
			);
			dependencies = (
			);
			name = IosPJ;
			productName = IosPJ;
			productReference = 6F6F15572A257CC700DB8376 /* IosPJ.app */;
			productType = "com.apple.product-type.application";
		};
/* End PBXNativeTarget section */

/* Begin PBXProject section */
		6F6F154F2A257CC700DB8376 /* Project object */ = {
			isa = PBXProject;
			attributes = {
				BuildIndependentTargetsInParallel = 1;
				LastSwiftUpdateCheck = 1430;
				LastUpgradeCheck = 1430;
				TargetAttributes = {
					6F6F15562A257CC700DB8376 = {
						CreatedOnToolsVersion = 14.3;
						LastSwiftMigration = 1430;
					};
				};
			};
			buildConfigurationList = 6F6F15522A257CC700DB8376 /* Build configuration list for PBXProject "IosPJ" */;
			compatibilityVersion = "Xcode 14.0";
			developmentRegion = en;
			hasScannedForEncodings = 0;
			knownRegions = (
				en,
				Base,
			);
			mainGroup = 6F6F154E2A257CC700DB8376;
			productRefGroup = 6F6F15582A257CC700DB8376 /* Products */;
			projectDirPath = "";
			projectRoot = "";
			targets = (
				6F6F15562A257CC700DB8376 /* IosPJ */,
			);
		};
/* End PBXProject section */

/* Begin PBXResourcesBuildPhase section */
		6F6F15552A257CC700DB8376 /* Resources */ = {
			isa = PBXResourcesBuildPhase;
			buildActionMask = 2147483647;
			files = (
				6F6F15672A257CC900DB8376 /* LaunchScreen.storyboard in Resources */,
				6F6F15642A257CC900DB8376 /* Assets.xcassets in Resources */,
				6F6F15622A257CC700DB8376 /* Main.storyboard in Resources */,
			);
			runOnlyForDeploymentPostprocessing = 0;
		};
/* End PBXResourcesBuildPhase section */

/* Begin PBXShellScriptBuildPhase section */
		6E0BEB47F876E2FCAFCC7313 /* [CP] Check Pods Manifest.lock */ = {
			isa = PBXShellScriptBuildPhase;
			buildActionMask = 2147483647;
			files = (
			);
			inputFileListPaths = (
			);
			inputPaths = (
				"${PODS_PODFILE_DIR_PATH}/Podfile.lock",
				"${PODS_ROOT}/Manifest.lock",
			);
			name = "[CP] Check Pods Manifest.lock";
			outputFileListPaths = (
			);
			outputPaths = (
				"$(DERIVED_FILE_DIR)/Pods-IosPJ-checkManifestLockResult.txt",
			);
			runOnlyForDeploymentPostprocessing = 0;
			shellPath = /bin/sh;
			shellScript = "diff \"${PODS_PODFILE_DIR_PATH}/Podfile.lock\" \"${PODS_ROOT}/Manifest.lock\" > /dev/null\nif [ $? != 0 ] ; then\n    # print error to STDERR\n    echo \"error: The sandbox is not in sync with the Podfile.lock. Run 'pod install' or update your CocoaPods installation.\" >&2\n    exit 1\nfi\n# This output is used by Xcode 'outputs' to avoid re-running this script phase.\necho \"SUCCESS\" > \"${SCRIPT_OUTPUT_FILE_0}\"\n";
			showEnvVarsInLog = 0;
		};
/* End PBXShellScriptBuildPhase section */

/* Begin PBXSourcesBuildPhase section */
		6F6F15532A257CC700DB8376 /* Sources */ = {
			isa = PBXSourcesBuildPhase;
			buildActionMask = 2147483647;
			files = (
				6F6F16082A26CB8300DB8376 /* Register.swift in Sources */,
				6F6F15AA2A25E71200DB8376 /* CustomPJSUA2.cpp in Sources */,
				6F6F155F2A257CC700DB8376 /* ViewController.swift in Sources */,
				6F09F4912A36F821007A7824 /* CallManager.swift in Sources */,
				6F0B9E8B2A32B57C00E8B9B4 /* RegistrationModel.swift in Sources */,
				6F0B9E852A31C44300E8B9B4 /* IncomingViewController.swift in Sources */,
				6F0B9E882A32B50400E8B9B4 /* RegistrationObserver.swift in Sources */,
				6F0B9E8F2A32BC0D00E8B9B4 /* CallObserver.swift in Sources */,
				6F09F48D2A36ED8F007A7824 /* NetworkReachability.swift in Sources */,
				6F6F155B2A257CC700DB8376 /* AppDelegate.swift in Sources */,
				6F0B9E932A32BD8300E8B9B4 /* PublisherImpl.swift in Sources */,
				6F0B9E912A32BC8C00E8B9B4 /* Publisher.swift in Sources */,
				6F09F48A2A36AF03007A7824 /* Buddy.swift in Sources */,
				6F6F155D2A257CC700DB8376 /* SceneDelegate.swift in Sources */,
				6F0B9E7E2A2DD68F00E8B9B4 /* UserAgent.cpp in Sources */,
				6F0B9E782A2DC89E00E8B9B4 /* PJManager.mm in Sources */,
				6F6F160A2A26CFA500DB8376 /* Call.swift in Sources */,
				6F0B9E832A31C3F400E8B9B4 /* OutgoingViewController.swift in Sources */,
				6F09F48F2A36F0FB007A7824 /* Config.swift in Sources */,
				6F09F4932A370022007A7824 /* MessageModel.swift in Sources */,
				6F6F15A72A25E69500DB8376 /* wrapper.mm in Sources */,
				6F0B9E8D2A32B5F200E8B9B4 /* CallModel.swift in Sources */,
			);
			runOnlyForDeploymentPostprocessing = 0;
		};
/* End PBXSourcesBuildPhase section */

/* Begin PBXVariantGroup section */
		6F6F15602A257CC700DB8376 /* Main.storyboard */ = {
			isa = PBXVariantGroup;
			children = (
				6F6F15612A257CC700DB8376 /* Base */,
			);
			name = Main.storyboard;
			sourceTree = "<group>";
		};
		6F6F15652A257CC900DB8376 /* LaunchScreen.storyboard */ = {
			isa = PBXVariantGroup;
			children = (
				6F6F15662A257CC900DB8376 /* Base */,
			);
			name = LaunchScreen.storyboard;
			sourceTree = "<group>";
		};
/* End PBXVariantGroup section */

/* Begin XCBuildConfiguration section */
		6F6F15692A257CC900DB8376 /* Debug */ = {
			isa = XCBuildConfiguration;
			buildSettings = {
				ALWAYS_SEARCH_USER_PATHS = NO;
				CLANG_ANALYZER_NONNULL = YES;
				CLANG_ANALYZER_NUMBER_OBJECT_CONVERSION = YES_AGGRESSIVE;
				CLANG_CXX_LANGUAGE_STANDARD = "gnu++20";
				CLANG_ENABLE_MODULES = YES;
				CLANG_ENABLE_OBJC_ARC = YES;
				CLANG_ENABLE_OBJC_WEAK = YES;
				CLANG_WARN_BLOCK_CAPTURE_AUTORELEASING = YES;
				CLANG_WARN_BOOL_CONVERSION = YES;
				CLANG_WARN_COMMA = YES;
				CLANG_WARN_CONSTANT_CONVERSION = YES;
				CLANG_WARN_DEPRECATED_OBJC_IMPLEMENTATIONS = YES;
				CLANG_WARN_DIRECT_OBJC_ISA_USAGE = YES_ERROR;
				CLANG_WARN_DOCUMENTATION_COMMENTS = YES;
				CLANG_WARN_EMPTY_BODY = YES;
				CLANG_WARN_ENUM_CONVERSION = YES;
				CLANG_WARN_INFINITE_RECURSION = YES;
				CLANG_WARN_INT_CONVERSION = YES;
				CLANG_WARN_NON_LITERAL_NULL_CONVERSION = YES;
				CLANG_WARN_OBJC_IMPLICIT_RETAIN_SELF = YES;
				CLANG_WARN_OBJC_LITERAL_CONVERSION = YES;
				CLANG_WARN_OBJC_ROOT_CLASS = YES_ERROR;
				CLANG_WARN_QUOTED_INCLUDE_IN_FRAMEWORK_HEADER = YES;
				CLANG_WARN_RANGE_LOOP_ANALYSIS = YES;
				CLANG_WARN_STRICT_PROTOTYPES = YES;
				CLANG_WARN_SUSPICIOUS_MOVE = YES;
				CLANG_WARN_UNGUARDED_AVAILABILITY = YES_AGGRESSIVE;
				CLANG_WARN_UNREACHABLE_CODE = YES;
				CLANG_WARN__DUPLICATE_METHOD_MATCH = YES;
				COPY_PHASE_STRIP = NO;
				DEBUG_INFORMATION_FORMAT = dwarf;
				ENABLE_STRICT_OBJC_MSGSEND = YES;
				ENABLE_TESTABILITY = YES;
				GCC_C_LANGUAGE_STANDARD = gnu11;
				GCC_DYNAMIC_NO_PIC = NO;
				GCC_NO_COMMON_BLOCKS = YES;
				GCC_OPTIMIZATION_LEVEL = 0;
				GCC_PREPROCESSOR_DEFINITIONS = (
					"DEBUG=1",
					"$(inherited)",
				);
				GCC_WARN_64_TO_32_BIT_CONVERSION = YES;
				GCC_WARN_ABOUT_RETURN_TYPE = YES_ERROR;
				GCC_WARN_UNDECLARED_SELECTOR = YES;
				GCC_WARN_UNINITIALIZED_AUTOS = YES_AGGRESSIVE;
				GCC_WARN_UNUSED_FUNCTION = YES;
				GCC_WARN_UNUSED_VARIABLE = YES;
				IPHONEOS_DEPLOYMENT_TARGET = 16.4;
				MTL_ENABLE_DEBUG_INFO = INCLUDE_SOURCE;
				MTL_FAST_MATH = YES;
				ONLY_ACTIVE_ARCH = YES;
				SDKROOT = iphoneos;
				SWIFT_ACTIVE_COMPILATION_CONDITIONS = DEBUG;
				SWIFT_OPTIMIZATION_LEVEL = "-Onone";
			};
			name = Debug;
		};
		6F6F156A2A257CC900DB8376 /* Release */ = {
			isa = XCBuildConfiguration;
			buildSettings = {
				ALWAYS_SEARCH_USER_PATHS = NO;
				CLANG_ANALYZER_NONNULL = YES;
				CLANG_ANALYZER_NUMBER_OBJECT_CONVERSION = YES_AGGRESSIVE;
				CLANG_CXX_LANGUAGE_STANDARD = "gnu++20";
				CLANG_ENABLE_MODULES = YES;
				CLANG_ENABLE_OBJC_ARC = YES;
				CLANG_ENABLE_OBJC_WEAK = YES;
				CLANG_WARN_BLOCK_CAPTURE_AUTORELEASING = YES;
				CLANG_WARN_BOOL_CONVERSION = YES;
				CLANG_WARN_COMMA = YES;
				CLANG_WARN_CONSTANT_CONVERSION = YES;
				CLANG_WARN_DEPRECATED_OBJC_IMPLEMENTATIONS = YES;
				CLANG_WARN_DIRECT_OBJC_ISA_USAGE = YES_ERROR;
				CLANG_WARN_DOCUMENTATION_COMMENTS = YES;
				CLANG_WARN_EMPTY_BODY = YES;
				CLANG_WARN_ENUM_CONVERSION = YES;
				CLANG_WARN_INFINITE_RECURSION = YES;
				CLANG_WARN_INT_CONVERSION = YES;
				CLANG_WARN_NON_LITERAL_NULL_CONVERSION = YES;
				CLANG_WARN_OBJC_IMPLICIT_RETAIN_SELF = YES;
				CLANG_WARN_OBJC_LITERAL_CONVERSION = YES;
				CLANG_WARN_OBJC_ROOT_CLASS = YES_ERROR;
				CLANG_WARN_QUOTED_INCLUDE_IN_FRAMEWORK_HEADER = YES;
				CLANG_WARN_RANGE_LOOP_ANALYSIS = YES;
				CLANG_WARN_STRICT_PROTOTYPES = YES;
				CLANG_WARN_SUSPICIOUS_MOVE = YES;
				CLANG_WARN_UNGUARDED_AVAILABILITY = YES_AGGRESSIVE;
				CLANG_WARN_UNREACHABLE_CODE = YES;
				CLANG_WARN__DUPLICATE_METHOD_MATCH = YES;
				COPY_PHASE_STRIP = NO;
				DEBUG_INFORMATION_FORMAT = "dwarf-with-dsym";
				ENABLE_NS_ASSERTIONS = NO;
				ENABLE_STRICT_OBJC_MSGSEND = YES;
				GCC_C_LANGUAGE_STANDARD = gnu11;
				GCC_NO_COMMON_BLOCKS = YES;
				GCC_WARN_64_TO_32_BIT_CONVERSION = YES;
				GCC_WARN_ABOUT_RETURN_TYPE = YES_ERROR;
				GCC_WARN_UNDECLARED_SELECTOR = YES;
				GCC_WARN_UNINITIALIZED_AUTOS = YES_AGGRESSIVE;
				GCC_WARN_UNUSED_FUNCTION = YES;
				GCC_WARN_UNUSED_VARIABLE = YES;
				IPHONEOS_DEPLOYMENT_TARGET = 16.4;
				MTL_ENABLE_DEBUG_INFO = NO;
				MTL_FAST_MATH = YES;
				SDKROOT = iphoneos;
				SWIFT_COMPILATION_MODE = wholemodule;
				SWIFT_OPTIMIZATION_LEVEL = "-O";
				VALIDATE_PRODUCT = YES;
			};
			name = Release;
		};
		6F6F156C2A257CC900DB8376 /* Debug */ = {
			isa = XCBuildConfiguration;
			baseConfigurationReference = F3AA54520CB26FB445110D63 /* Pods-IosPJ.debug.xcconfig */;
			buildSettings = {
				ASSETCATALOG_COMPILER_APPICON_NAME = AppIcon;
				ASSETCATALOG_COMPILER_GLOBAL_ACCENT_COLOR_NAME = AccentColor;
				CLANG_ENABLE_MODULES = YES;
				CODE_SIGN_STYLE = Automatic;
				CURRENT_PROJECT_VERSION = 1;
				DEVELOPMENT_TEAM = RNBPYJU3P2;
				GCC_PREPROCESSOR_DEFINITIONS = (
					"$(inherited)",
					"COCOAPODS=1",
					"PJ_AUTOCONF=1",
				);
				GENERATE_INFOPLIST_FILE = YES;
				HEADER_SEARCH_PATHS = (
					"\"$(SRCROOT)/../../Libraries/pjproject-2.13/pjlib/include\"",
					"\"$(SRCROOT)/../../Libraries/pjproject-2.13/pjlib-util/include\"",
					"\"$(SRCROOT)/../../Libraries/pjproject-2.13/pjmedia/include\"",
					"\"$(SRCROOT)/../../Libraries/pjproject-2.13/pjnath/include\"",
					"\"$(SRCROOT)/../../Libraries/pjproject-2.13/pjsip/include\"",
					"\"$(SRCROOT)/../../Libraries/pjproject-2.13/third_party/include\"",
				);
				INFOPLIST_FILE = IosPJ/Info.plist;
				INFOPLIST_KEY_UIApplicationSupportsIndirectInputEvents = YES;
				INFOPLIST_KEY_UILaunchStoryboardName = LaunchScreen;
				INFOPLIST_KEY_UIMainStoryboardFile = Main;
				INFOPLIST_KEY_UISupportedInterfaceOrientations_iPad = "UIInterfaceOrientationPortrait UIInterfaceOrientationPortraitUpsideDown UIInterfaceOrientationLandscapeLeft UIInterfaceOrientationLandscapeRight";
				INFOPLIST_KEY_UISupportedInterfaceOrientations_iPhone = "UIInterfaceOrientationPortrait UIInterfaceOrientationLandscapeLeft UIInterfaceOrientationLandscapeRight";
				LD_RUNPATH_SEARCH_PATHS = (
					"$(inherited)",
					"@executable_path/Frameworks",
				);
				LIBRARY_SEARCH_PATHS = (
					"$(SRCROOT)/Libraries",
					"$(PROJECT_DIR)/Libraries",
				);
				MARKETING_VERSION = 1.0;
				PRODUCT_BUNDLE_IDENTIFIER = kr.young.IosPJ;
				PRODUCT_NAME = "$(TARGET_NAME)";
				SWIFT_EMIT_LOC_STRINGS = YES;
				SWIFT_OBJC_BRIDGING_HEADER = "IosPJ/PJ/IosPJ-Bridging-Header.h";
				SWIFT_OPTIMIZATION_LEVEL = "-Onone";
				SWIFT_VERSION = 5.0;
				TARGETED_DEVICE_FAMILY = "1,2";
			};
			name = Debug;
		};
		6F6F156D2A257CC900DB8376 /* Release */ = {
			isa = XCBuildConfiguration;
			baseConfigurationReference = 74EF4F7EB8EF398514421CDB /* Pods-IosPJ.release.xcconfig */;
			buildSettings = {
				ASSETCATALOG_COMPILER_APPICON_NAME = AppIcon;
				ASSETCATALOG_COMPILER_GLOBAL_ACCENT_COLOR_NAME = AccentColor;
				CLANG_ENABLE_MODULES = YES;
				CODE_SIGN_STYLE = Automatic;
				CURRENT_PROJECT_VERSION = 1;
				DEVELOPMENT_TEAM = RNBPYJU3P2;
				GCC_PREPROCESSOR_DEFINITIONS = (
					"$(inherited)",
					"COCOAPODS=1",
					"PJ_AUTOCONF=1",
				);
				GENERATE_INFOPLIST_FILE = YES;
				HEADER_SEARCH_PATHS = (
					"\"$(SRCROOT)/../../Libraries/pjproject-2.13/pjlib/include\"",
					"\"$(SRCROOT)/../../Libraries/pjproject-2.13/pjlib-util/include\"",
					"\"$(SRCROOT)/../../Libraries/pjproject-2.13/pjmedia/include\"",
					"\"$(SRCROOT)/../../Libraries/pjproject-2.13/pjnath/include\"",
					"\"$(SRCROOT)/../../Libraries/pjproject-2.13/pjsip/include\"",
					"\"$(SRCROOT)/../../Libraries/pjproject-2.13/third_party/include\"",
				);
				INFOPLIST_FILE = IosPJ/Info.plist;
				INFOPLIST_KEY_UIApplicationSupportsIndirectInputEvents = YES;
				INFOPLIST_KEY_UILaunchStoryboardName = LaunchScreen;
				INFOPLIST_KEY_UIMainStoryboardFile = Main;
				INFOPLIST_KEY_UISupportedInterfaceOrientations_iPad = "UIInterfaceOrientationPortrait UIInterfaceOrientationPortraitUpsideDown UIInterfaceOrientationLandscapeLeft UIInterfaceOrientationLandscapeRight";
				INFOPLIST_KEY_UISupportedInterfaceOrientations_iPhone = "UIInterfaceOrientationPortrait UIInterfaceOrientationLandscapeLeft UIInterfaceOrientationLandscapeRight";
				LD_RUNPATH_SEARCH_PATHS = (
					"$(inherited)",
					"@executable_path/Frameworks",
				);
				LIBRARY_SEARCH_PATHS = (
					"$(SRCROOT)/Libraries",
					"$(PROJECT_DIR)/Libraries",
				);
				MARKETING_VERSION = 1.0;
				PRODUCT_BUNDLE_IDENTIFIER = kr.young.IosPJ;
				PRODUCT_NAME = "$(TARGET_NAME)";
				SWIFT_EMIT_LOC_STRINGS = YES;
				SWIFT_OBJC_BRIDGING_HEADER = "IosPJ/PJ/IosPJ-Bridging-Header.h";
				SWIFT_VERSION = 5.0;
				TARGETED_DEVICE_FAMILY = "1,2";
			};
			name = Release;
		};
/* End XCBuildConfiguration section */

/* Begin XCConfigurationList section */
		6F6F15522A257CC700DB8376 /* Build configuration list for PBXProject "IosPJ" */ = {
			isa = XCConfigurationList;
			buildConfigurations = (
				6F6F15692A257CC900DB8376 /* Debug */,
				6F6F156A2A257CC900DB8376 /* Release */,
			);
			defaultConfigurationIsVisible = 0;
			defaultConfigurationName = Release;
		};
		6F6F156B2A257CC900DB8376 /* Build configuration list for PBXNativeTarget "IosPJ" */ = {
			isa = XCConfigurationList;
			buildConfigurations = (
				6F6F156C2A257CC900DB8376 /* Debug */,
				6F6F156D2A257CC900DB8376 /* Release */,
			);
			defaultConfigurationIsVisible = 0;
			defaultConfigurationName = Release;
		};
/* End XCConfigurationList section */
	};
	rootObject = 6F6F154F2A257CC700DB8376 /* Project object */;
}
